
Microsoft Visual Studio Solution File, Format Version 12.00
# Visual Studio Version 17
VisualStudioVersion = 17.9.34728.123
MinimumVisualStudioVersion = 10.0.40219.1
Project("{FAE04EC0-301F-11D3-BF4B-00C04F79EFBC}") = "WebApplication3", "WebApplication3.csproj", "{CC836527-932A-4EE8-BB78-BD8A251DE909}"
EndProject
Global
	GlobalSection(SolutionConfigurationPlatforms) = preSolution
		Debug|Any CPU = Debug|Any CPU
		Release|Any CPU = Release|Any CPU
	EndGlobalSection
	GlobalSection(ProjectConfigurationPlatforms) = postSolution
		{CC836527-932A-4EE8-BB78-BD8A251DE909}.Debug|Any CPU.ActiveCfg = Debug|Any CPU
		{CC836527-932A-4EE8-BB78-BD8A251DE909}.Debug|Any CPU.Build.0 = Debug|Any CPU
		{CC836527-932A-4EE8-BB78-BD8A251DE909}.Release|Any CPU.ActiveCfg = Release|Any CPU
		{CC836527-932A-4EE8-BB78-BD8A251DE909}.Release|Any CPU.Build.0 = Release|Any CPU
	EndGlobalSection
	GlobalSection(SolutionProperties) = preSolution
		HideSolutionNode = FALSE
	EndGlobalSection
	GlobalSection(ExtensibilityGlobals) = postSolution
		SolutionGuid = {5C8E644E-2C6E-4B96-A6BE-DC063B071492}
	EndGlobalSection
EndGlobal
