
Microsoft Visual Studio Solution File, Format Version 12.00
# Visual Studio Version 17
VisualStudioVersion = 17.10.34916.146
MinimumVisualStudioVersion = 10.0.40219.1
Project("{FAE04EC0-301F-11D3-BF4B-00C04F79EFBC}") = "WebApplication5", "WebApplication5.csproj", "{D324C509-EF9B-4327-8752-6314E6C48626}"
EndProject
Global
	GlobalSection(SolutionConfigurationPlatforms) = preSolution
		Debug|Any CPU = Debug|Any CPU
		Release|Any CPU = Release|Any CPU
	EndGlobalSection
	GlobalSection(ProjectConfigurationPlatforms) = postSolution
		{D324C509-EF9B-4327-8752-6314E6C48626}.Debug|Any CPU.ActiveCfg = Debug|Any CPU
		{D324C509-EF9B-4327-8752-6314E6C48626}.Debug|Any CPU.Build.0 = Debug|Any CPU
		{D324C509-EF9B-4327-8752-6314E6C48626}.Release|Any CPU.ActiveCfg = Release|Any CPU
		{D324C509-EF9B-4327-8752-6314E6C48626}.Release|Any CPU.Build.0 = Release|Any CPU
	EndGlobalSection
	GlobalSection(SolutionProperties) = preSolution
		HideSolutionNode = FALSE
	EndGlobalSection
	GlobalSection(ExtensibilityGlobals) = postSolution
		SolutionGuid = {BB22892F-2472-4EC0-B85B-23C75546419C}
	EndGlobalSection
EndGlobal
