
Microsoft Visual Studio Solution File, Format Version 12.00
# Visual Studio Version 17
VisualStudioVersion = 17.9.34728.123
MinimumVisualStudioVersion = 10.0.40219.1
Project("{FAE04EC0-301F-11D3-BF4B-00C04F79EFBC}") = "WebApplication1", "WebApplication1.csproj", "{D653DA38-90D0-46E9-8E8F-95B15093F9CD}"
EndProject
Global
	GlobalSection(SolutionConfigurationPlatforms) = preSolution
		Debug|Any CPU = Debug|Any CPU
		Release|Any CPU = Release|Any CPU
	EndGlobalSection
	GlobalSection(ProjectConfigurationPlatforms) = postSolution
		{D653DA38-90D0-46E9-8E8F-95B15093F9CD}.Debug|Any CPU.ActiveCfg = Debug|Any CPU
		{D653DA38-90D0-46E9-8E8F-95B15093F9CD}.Debug|Any CPU.Build.0 = Debug|Any CPU
		{D653DA38-90D0-46E9-8E8F-95B15093F9CD}.Release|Any CPU.ActiveCfg = Release|Any CPU
		{D653DA38-90D0-46E9-8E8F-95B15093F9CD}.Release|Any CPU.Build.0 = Release|Any CPU
	EndGlobalSection
	GlobalSection(SolutionProperties) = preSolution
		HideSolutionNode = FALSE
	EndGlobalSection
	GlobalSection(ExtensibilityGlobals) = postSolution
		SolutionGuid = {38B90467-9CCC-4589-B90D-4E86016BFC4A}
	EndGlobalSection
EndGlobal
